
Microsoft Visual Studio Solution File, Format Version 12.00
# Visual Studio Version 17
VisualStudioVersion = 17.4.33213.308
MinimumVisualStudioVersion = 10.0.40219.1
Project("{FAE04EC0-301F-11D3-BF4B-00C04F79EFBC}") = "QuanLyDatPhongKhachSan", "QuanLyDatPhongKhachSan\QuanLyDatPhongKhachSan.csproj", "{71382F3C-89AC-4686-AE9A-09790F51EEC4}"
EndProject
Global
	GlobalSection(SolutionConfigurationPlatforms) = preSolution
		Debug|Any CPU = Debug|Any CPU
		Release|Any CPU = Release|Any CPU
	EndGlobalSection
	GlobalSection(ProjectConfigurationPlatforms) = postSolution
		{71382F3C-89AC-4686-AE9A-09790F51EEC4}.Debug|Any CPU.ActiveCfg = Debug|Any CPU
		{71382F3C-89AC-4686-AE9A-09790F51EEC4}.Debug|Any CPU.Build.0 = Debug|Any CPU
		{71382F3C-89AC-4686-AE9A-09790F51EEC4}.Release|Any CPU.ActiveCfg = Release|Any CPU
		{71382F3C-89AC-4686-AE9A-09790F51EEC4}.Release|Any CPU.Build.0 = Release|Any CPU
	EndGlobalSection
	GlobalSection(SolutionProperties) = preSolution
		HideSolutionNode = FALSE
	EndGlobalSection
	GlobalSection(ExtensibilityGlobals) = postSolution
		SolutionGuid = {3612D027-C582-4F53-8A6C-9775BEF07A56}
	EndGlobalSection
EndGlobal
